
Microsoft Visual Studio Solution File, Format Version 12.00
# Visual Studio Version 17
VisualStudioVersion = 17.3.32901.215
MinimumVisualStudioVersion = 10.0.40219.1
Project("{FAE04EC0-301F-11D3-BF4B-00C04F79EFBC}") = "Activity 7", "Activity 7\Activity 7.csproj", "{5FBDB33B-7E05-4034-AFDC-72FB894E7B7F}"
EndProject
Global
	GlobalSection(SolutionConfigurationPlatforms) = preSolution
		Debug|Any CPU = Debug|Any CPU
		Release|Any CPU = Release|Any CPU
	EndGlobalSection
	GlobalSection(ProjectConfigurationPlatforms) = postSolution
		{5FBDB33B-7E05-4034-AFDC-72FB894E7B7F}.Debug|Any CPU.ActiveCfg = Debug|Any CPU
		{5FBDB33B-7E05-4034-AFDC-72FB894E7B7F}.Debug|Any CPU.Build.0 = Debug|Any CPU
		{5FBDB33B-7E05-4034-AFDC-72FB894E7B7F}.Release|Any CPU.ActiveCfg = Release|Any CPU
		{5FBDB33B-7E05-4034-AFDC-72FB894E7B7F}.Release|Any CPU.Build.0 = Release|Any CPU
	EndGlobalSection
	GlobalSection(SolutionProperties) = preSolution
		HideSolutionNode = FALSE
	EndGlobalSection
	GlobalSection(ExtensibilityGlobals) = postSolution
		SolutionGuid = {21C52127-250A-4CE9-A3E0-14BA9066EBFC}
	EndGlobalSection
EndGlobal
